// !$*UTF8*$!
{
	archiveVersion = 1;
	classes = {
	};
	objectVersion = 46;
	objects = {

/* Begin PBXBuildFile section */
		C2E16E9F19B7DBDE0091A3C8 /* main.m in Sources */ = {isa = PBXBuildFile; fileRef = C2E16E9E19B7DBDE0091A3C8 /* main.m */; };
		C2E16EA219B7DBDE0091A3C8 /* AppDelegate.m in Sources */ = {isa = PBXBuildFile; fileRef = C2E16EA119B7DBDE0091A3C8 /* AppDelegate.m */; };
		C2E16EA519B7DBDE0091A3C8 /* ViewController.m in Sources */ = {isa = PBXBuildFile; fileRef = C2E16EA419B7DBDE0091A3C8 /* ViewController.m */; };
		C2E16EA819B7DBDE0091A3C8 /* Main.storyboard in Resources */ = {isa = PBXBuildFile; fileRef = C2E16EA619B7DBDE0091A3C8 /* Main.storyboard */; };
		C2E16EAA19B7DBDE0091A3C8 /* Images.xcassets in Resources */ = {isa = PBXBuildFile; fileRef = C2E16EA919B7DBDE0091A3C8 /* Images.xcassets */; };
		C2E16EB619B7DBDE0091A3C8 /* intro_functions_twoTests.m in Sources */ = {isa = PBXBuildFile; fileRef = C2E16EB519B7DBDE0091A3C8 /* intro_functions_twoTests.m */; };
/* End PBXBuildFile section */

/* Begin PBXContainerItemProxy section */
		C2E16EB019B7DBDE0091A3C8 /* PBXContainerItemProxy */ = {
			isa = PBXContainerItemProxy;
			containerPortal = C2E16E9119B7DBDE0091A3C8 /* Project object */;
			proxyType = 1;
			remoteGlobalIDString = C2E16E9819B7DBDE0091A3C8;
			remoteInfo = "intro-functions-two";
		};
/* End PBXContainerItemProxy section */

/* Begin PBXFileReference section */
		C2E16E9919B7DBDE0091A3C8 /* intro-functions-two.app */ = {isa = PBXFileReference; explicitFileType = wrapper.application; includeInIndex = 0; path = "intro-functions-two.app"; sourceTree = BUILT_PRODUCTS_DIR; };
		C2E16E9D19B7DBDE0091A3C8 /* Info.plist */ = {isa = PBXFileReference; lastKnownFileType = text.plist.xml; path = Info.plist; sourceTree = "<group>"; };
		C2E16E9E19B7DBDE0091A3C8 /* main.m */ = {isa = PBXFileReference; lastKnownFileType = sourcecode.c.objc; path = main.m; sourceTree = "<group>"; };
		C2E16EA019B7DBDE0091A3C8 /* AppDelegate.h */ = {isa = PBXFileReference; lastKnownFileType = sourcecode.c.h; path = AppDelegate.h; sourceTree = "<group>"; };
		C2E16EA119B7DBDE0091A3C8 /* AppDelegate.m */ = {isa = PBXFileReference; lastKnownFileType = sourcecode.c.objc; path = AppDelegate.m; sourceTree = "<group>"; };
		C2E16EA319B7DBDE0091A3C8 /* ViewController.h */ = {isa = PBXFileReference; lastKnownFileType = sourcecode.c.h; path = ViewController.h; sourceTree = "<group>"; };
		C2E16EA419B7DBDE0091A3C8 /* ViewController.m */ = {isa = PBXFileReference; lastKnownFileType = sourcecode.c.objc; path = ViewController.m; sourceTree = "<group>"; };
		C2E16EA719B7DBDE0091A3C8 /* Base */ = {isa = PBXFileReference; lastKnownFileType = file.storyboard; name = Base; path = Base.lproj/Main.storyboard; sourceTree = "<group>"; };
		C2E16EA919B7DBDE0091A3C8 /* Images.xcassets */ = {isa = PBXFileReference; lastKnownFileType = folder.assetcatalog; path = Images.xcassets; sourceTree = "<group>"; };
		C2E16EAF19B7DBDE0091A3C8 /* intro-functions-twoTests.xctest */ = {isa = PBXFileReference; explicitFileType = wrapper.cfbundle; includeInIndex = 0; path = "intro-functions-twoTests.xctest"; sourceTree = BUILT_PRODUCTS_DIR; };
		C2E16EB419B7DBDE0091A3C8 /* Info.plist */ = {isa = PBXFileReference; lastKnownFileType = text.plist.xml; path = Info.plist; sourceTree = "<group>"; };
		C2E16EB519B7DBDE0091A3C8 /* intro_functions_twoTests.m */ = {isa = PBXFileReference; lastKnownFileType = sourcecode.c.objc; path = intro_functions_twoTests.m; sourceTree = "<group>"; };
/* End PBXFileReference section */

/* Begin PBXFrameworksBuildPhase section */
		C2E16E9619B7DBDE0091A3C8 /* Frameworks */ = {
			isa = PBXFrameworksBuildPhase;
			buildActionMask = 2147483647;
			files = (
			);
			runOnlyForDeploymentPostprocessing = 0;
		};
		C2E16EAC19B7DBDE0091A3C8 /* Frameworks */ = {
			isa = PBXFrameworksBuildPhase;
			buildActionMask = 2147483647;
			files = (
			);
			runOnlyForDeploymentPostprocessing = 0;
		};
/* End PBXFrameworksBuildPhase section */

/* Begin PBXGroup section */
		C2E16E9019B7DBDE0091A3C8 = {
			isa = PBXGroup;
			children = (
				C2E16E9B19B7DBDE0091A3C8 /* intro-functions-two */,
				C2E16EB219B7DBDE0091A3C8 /* intro-functions-twoTests */,
				C2E16E9A19B7DBDE0091A3C8 /* Products */,
			);
			sourceTree = "<group>";
		};
		C2E16E9A19B7DBDE0091A3C8 /* Products */ = {
			isa = PBXGroup;
			children = (
				C2E16E9919B7DBDE0091A3C8 /* intro-functions-two.app */,
				C2E16EAF19B7DBDE0091A3C8 /* intro-functions-twoTests.xctest */,
			);
			name = Products;
			sourceTree = "<group>";
		};
		C2E16E9B19B7DBDE0091A3C8 /* intro-functions-two */ = {
			isa = PBXGroup;
			children = (
				C2E16EA019B7DBDE0091A3C8 /* AppDelegate.h */,
				C2E16EA119B7DBDE0091A3C8 /* AppDelegate.m */,
				C2E16EA319B7DBDE0091A3C8 /* ViewController.h */,
				C2E16EA419B7DBDE0091A3C8 /* ViewController.m */,
				C2E16EA619B7DBDE0091A3C8 /* Main.storyboard */,
				C2E16EA919B7DBDE0091A3C8 /* Images.xcassets */,
				C2E16E9C19B7DBDE0091A3C8 /* Supporting Files */,
			);
			path = "intro-functions-two";
			sourceTree = "<group>";
		};
		C2E16E9C19B7DBDE0091A3C8 /* Supporting Files */ = {
			isa = PBXGroup;
			children = (
				C2E16E9D19B7DBDE0091A3C8 /* Info.plist */,
				C2E16E9E19B7DBDE0091A3C8 /* main.m */,
			);
			name = "Supporting Files";
			sourceTree = "<group>";
		};
		C2E16EB219B7DBDE0091A3C8 /* intro-functions-twoTests */ = {
			isa = PBXGroup;
			children = (
				C2E16EB519B7DBDE0091A3C8 /* intro_functions_twoTests.m */,
				C2E16EB319B7DBDE0091A3C8 /* Supporting Files */,
			);
			path = "intro-functions-twoTests";
			sourceTree = "<group>";
		};
		C2E16EB319B7DBDE0091A3C8 /* Supporting Files */ = {
			isa = PBXGroup;
			children = (
				C2E16EB419B7DBDE0091A3C8 /* Info.plist */,
			);
			name = "Supporting Files";
			sourceTree = "<group>";
		};
/* End PBXGroup section */

/* Begin PBXNativeTarget section */
		C2E16E9819B7DBDE0091A3C8 /* intro-functions-two */ = {
			isa = PBXNativeTarget;
			buildConfigurationList = C2E16EB919B7DBDE0091A3C8 /* Build configuration list for PBXNativeTarget "intro-functions-two" */;
			buildPhases = (
				C2E16E9519B7DBDE0091A3C8 /* Sources */,
				C2E16E9619B7DBDE0091A3C8 /* Frameworks */,
				C2E16E9719B7DBDE0091A3C8 /* Resources */,
			);
			buildRules = (
			);
			dependencies = (
			);
			name = "intro-functions-two";
			productName = "intro-functions-two";
			productReference = C2E16E9919B7DBDE0091A3C8 /* intro-functions-two.app */;
			productType = "com.apple.product-type.application";
		};
		C2E16EAE19B7DBDE0091A3C8 /* intro-functions-twoTests */ = {
			isa = PBXNativeTarget;
			buildConfigurationList = C2E16EBC19B7DBDE0091A3C8 /* Build configuration list for PBXNativeTarget "intro-functions-twoTests" */;
			buildPhases = (
				C2E16EAB19B7DBDE0091A3C8 /* Sources */,
				C2E16EAC19B7DBDE0091A3C8 /* Frameworks */,
				C2E16EAD19B7DBDE0091A3C8 /* Resources */,
			);
			buildRules = (
			);
			dependencies = (
				C2E16EB119B7DBDE0091A3C8 /* PBXTargetDependency */,
			);
			name = "intro-functions-twoTests";
			productName = "intro-functions-twoTests";
			productReference = C2E16EAF19B7DBDE0091A3C8 /* intro-functions-twoTests.xctest */;
			productType = "com.apple.product-type.bundle.unit-test";
		};
/* End PBXNativeTarget section */

/* Begin PBXProject section */
		C2E16E9119B7DBDE0091A3C8 /* Project object */ = {
			isa = PBXProject;
			attributes = {
				LastUpgradeCheck = 0600;
				ORGANIZATIONNAME = "Margaret Blue";
				TargetAttributes = {
					C2E16E9819B7DBDE0091A3C8 = {
						CreatedOnToolsVersion = 6.0;
					};
					C2E16EAE19B7DBDE0091A3C8 = {
						CreatedOnToolsVersion = 6.0;
						TestTargetID = C2E16E9819B7DBDE0091A3C8;
					};
				};
			};
			buildConfigurationList = C2E16E9419B7DBDE0091A3C8 /* Build configuration list for PBXProject "intro-functions-two" */;
			compatibilityVersion = "Xcode 3.2";
			developmentRegion = English;
			hasScannedForEncodings = 0;
			knownRegions = (
				en,
				Base,
			);
			mainGroup = C2E16E9019B7DBDE0091A3C8;
			productRefGroup = C2E16E9A19B7DBDE0091A3C8 /* Products */;
			projectDirPath = "";
			projectRoot = "";
			targets = (
				C2E16E9819B7DBDE0091A3C8 /* intro-functions-two */,
				C2E16EAE19B7DBDE0091A3C8 /* intro-functions-twoTests */,
			);
		};
/* End PBXProject section */

/* Begin PBXResourcesBuildPhase section */
		C2E16E9719B7DBDE0091A3C8 /* Resources */ = {
			isa = PBXResourcesBuildPhase;
			buildActionMask = 2147483647;
			files = (
				C2E16EA819B7DBDE0091A3C8 /* Main.storyboard in Resources */,
				C2E16EAA19B7DBDE0091A3C8 /* Images.xcassets in Resources */,
			);
			runOnlyForDeploymentPostprocessing = 0;
		};
		C2E16EAD19B7DBDE0091A3C8 /* Resources */ = {
			isa = PBXResourcesBuildPhase;
			buildActionMask = 2147483647;
			files = (
			);
			runOnlyForDeploymentPostprocessing = 0;
		};
/* End PBXResourcesBuildPhase section */

/* Begin PBXSourcesBuildPhase section */
		C2E16E9519B7DBDE0091A3C8 /* Sources */ = {
			isa = PBXSourcesBuildPhase;
			buildActionMask = 2147483647;
			files = (
				C2E16EA519B7DBDE0091A3C8 /* ViewController.m in Sources */,
				C2E16EA219B7DBDE0091A3C8 /* AppDelegate.m in Sources */,
				C2E16E9F19B7DBDE0091A3C8 /* main.m in Sources */,
			);
			runOnlyForDeploymentPostprocessing = 0;
		};
		C2E16EAB19B7DBDE0091A3C8 /* Sources */ = {
			isa = PBXSourcesBuildPhase;
			buildActionMask = 2147483647;
			files = (
				C2E16EB619B7DBDE0091A3C8 /* intro_functions_twoTests.m in Sources */,
			);
			runOnlyForDeploymentPostprocessing = 0;
		};
/* End PBXSourcesBuildPhase section */

/* Begin PBXTargetDependency section */
		C2E16EB119B7DBDE0091A3C8 /* PBXTargetDependency */ = {
			isa = PBXTargetDependency;
			target = C2E16E9819B7DBDE0091A3C8 /* intro-functions-two */;
			targetProxy = C2E16EB019B7DBDE0091A3C8 /* PBXContainerItemProxy */;
		};
/* End PBXTargetDependency section */

/* Begin PBXVariantGroup section */
		C2E16EA619B7DBDE0091A3C8 /* Main.storyboard */ = {
			isa = PBXVariantGroup;
			children = (
				C2E16EA719B7DBDE0091A3C8 /* Base */,
			);
			name = Main.storyboard;
			sourceTree = "<group>";
		};
/* End PBXVariantGroup section */

/* Begin XCBuildConfiguration section */
		C2E16EB719B7DBDE0091A3C8 /* Debug */ = {
			isa = XCBuildConfiguration;
			buildSettings = {
				ALWAYS_SEARCH_USER_PATHS = NO;
				CLANG_CXX_LANGUAGE_STANDARD = "gnu++0x";
				CLANG_CXX_LIBRARY = "libc++";
				CLANG_ENABLE_MODULES = YES;
				CLANG_ENABLE_OBJC_ARC = YES;
				CLANG_WARN_BOOL_CONVERSION = YES;
				CLANG_WARN_CONSTANT_CONVERSION = YES;
				CLANG_WARN_DIRECT_OBJC_ISA_USAGE = YES_ERROR;
				CLANG_WARN_EMPTY_BODY = YES;
				CLANG_WARN_ENUM_CONVERSION = YES;
				CLANG_WARN_INT_CONVERSION = YES;
				CLANG_WARN_OBJC_ROOT_CLASS = YES_ERROR;
				CLANG_WARN_UNREACHABLE_CODE = YES;
				CLANG_WARN__DUPLICATE_METHOD_MATCH = YES;
				"CODE_SIGN_IDENTITY[sdk=iphoneos*]" = "iPhone Developer";
				COPY_PHASE_STRIP = NO;
				ENABLE_STRICT_OBJC_MSGSEND = YES;
				GCC_C_LANGUAGE_STANDARD = gnu99;
				GCC_DYNAMIC_NO_PIC = NO;
				GCC_OPTIMIZATION_LEVEL = 0;
				GCC_PREPROCESSOR_DEFINITIONS = (
					"DEBUG=1",
					"$(inherited)",
				);
				GCC_SYMBOLS_PRIVATE_EXTERN = NO;
				GCC_WARN_64_TO_32_BIT_CONVERSION = YES;
				GCC_WARN_ABOUT_RETURN_TYPE = YES_ERROR;
				GCC_WARN_UNDECLARED_SELECTOR = YES;
				GCC_WARN_UNINITIALIZED_AUTOS = YES_AGGRESSIVE;
				GCC_WARN_UNUSED_FUNCTION = YES;
				GCC_WARN_UNUSED_VARIABLE = YES;
				IPHONEOS_DEPLOYMENT_TARGET = 8.0;
				MTL_ENABLE_DEBUG_INFO = YES;
				ONLY_ACTIVE_ARCH = YES;
				SDKROOT = iphoneos;
			};
			name = Debug;
		};
		C2E16EB819B7DBDE0091A3C8 /* Release */ = {
			isa = XCBuildConfiguration;
			buildSettings = {
				ALWAYS_SEARCH_USER_PATHS = NO;
				CLANG_CXX_LANGUAGE_STANDARD = "gnu++0x";
				CLANG_CXX_LIBRARY = "libc++";
				CLANG_ENABLE_MODULES = YES;
				CLANG_ENABLE_OBJC_ARC = YES;
				CLANG_WARN_BOOL_CONVERSION = YES;
				CLANG_WARN_CONSTANT_CONVERSION = YES;
				CLANG_WARN_DIRECT_OBJC_ISA_USAGE = YES_ERROR;
				CLANG_WARN_EMPTY_BODY = YES;
				CLANG_WARN_ENUM_CONVERSION = YES;
				CLANG_WARN_INT_CONVERSION = YES;
				CLANG_WARN_OBJC_ROOT_CLASS = YES_ERROR;
				CLANG_WARN_UNREACHABLE_CODE = YES;
				CLANG_WARN__DUPLICATE_METHOD_MATCH = YES;
				"CODE_SIGN_IDENTITY[sdk=iphoneos*]" = "iPhone Developer";
				COPY_PHASE_STRIP = YES;
				ENABLE_NS_ASSERTIONS = NO;
				ENABLE_STRICT_OBJC_MSGSEND = YES;
				GCC_C_LANGUAGE_STANDARD = gnu99;
				GCC_WARN_64_TO_32_BIT_CONVERSION = YES;
				GCC_WARN_ABOUT_RETURN_TYPE = YES_ERROR;
				GCC_WARN_UNDECLARED_SELECTOR = YES;
				GCC_WARN_UNINITIALIZED_AUTOS = YES_AGGRESSIVE;
				GCC_WARN_UNUSED_FUNCTION = YES;
				GCC_WARN_UNUSED_VARIABLE = YES;
				IPHONEOS_DEPLOYMENT_TARGET = 8.0;
				MTL_ENABLE_DEBUG_INFO = NO;
				SDKROOT = iphoneos;
				VALIDATE_PRODUCT = YES;
			};
			name = Release;
		};
		C2E16EBA19B7DBDE0091A3C8 /* Debug */ = {
			isa = XCBuildConfiguration;
			buildSettings = {
				ASSETCATALOG_COMPILER_APPICON_NAME = AppIcon;
				ASSETCATALOG_COMPILER_LAUNCHIMAGE_NAME = LaunchImage;
				INFOPLIST_FILE = "intro-functions-two/Info.plist";
				LD_RUNPATH_SEARCH_PATHS = "$(inherited) @executable_path/Frameworks";
				PRODUCT_NAME = "$(TARGET_NAME)";
			};
			name = Debug;
		};
		C2E16EBB19B7DBDE0091A3C8 /* Release */ = {
			isa = XCBuildConfiguration;
			buildSettings = {
				ASSETCATALOG_COMPILER_APPICON_NAME = AppIcon;
				ASSETCATALOG_COMPILER_LAUNCHIMAGE_NAME = LaunchImage;
				INFOPLIST_FILE = "intro-functions-two/Info.plist";
				LD_RUNPATH_SEARCH_PATHS = "$(inherited) @executable_path/Frameworks";
				PRODUCT_NAME = "$(TARGET_NAME)";
			};
			name = Release;
		};
		C2E16EBD19B7DBDE0091A3C8 /* Debug */ = {
			isa = XCBuildConfiguration;
			buildSettings = {
				BUNDLE_LOADER = "$(TEST_HOST)";
				FRAMEWORK_SEARCH_PATHS = (
					"$(SDKROOT)/Developer/Library/Frameworks",
					"$(inherited)",
				);
				GCC_PREPROCESSOR_DEFINITIONS = (
					"DEBUG=1",
					"$(inherited)",
				);
				INFOPLIST_FILE = "intro-functions-twoTests/Info.plist";
				LD_RUNPATH_SEARCH_PATHS = "$(inherited) @executable_path/Frameworks @loader_path/Frameworks";
				PRODUCT_NAME = "$(TARGET_NAME)";
				TEST_HOST = "$(BUILT_PRODUCTS_DIR)/intro-functions-two.app/intro-functions-two";
			};
			name = Debug;
		};
		C2E16EBE19B7DBDE0091A3C8 /* Release */ = {
			isa = XCBuildConfiguration;
			buildSettings = {
				BUNDLE_LOADER = "$(TEST_HOST)";
				FRAMEWORK_SEARCH_PATHS = (
					"$(SDKROOT)/Developer/Library/Frameworks",
					"$(inherited)",
				);
				INFOPLIST_FILE = "intro-functions-twoTests/Info.plist";
				LD_RUNPATH_SEARCH_PATHS = "$(inherited) @executable_path/Frameworks @loader_path/Frameworks";
				PRODUCT_NAME = "$(TARGET_NAME)";
				TEST_HOST = "$(BUILT_PRODUCTS_DIR)/intro-functions-two.app/intro-functions-two";
			};
			name = Release;
		};
/* End XCBuildConfiguration section */

/* Begin XCConfigurationList section */
		C2E16E9419B7DBDE0091A3C8 /* Build configuration list for PBXProject "intro-functions-two" */ = {
			isa = XCConfigurationList;
			buildConfigurations = (
				C2E16EB719B7DBDE0091A3C8 /* Debug */,
				C2E16EB819B7DBDE0091A3C8 /* Release */,
			);
			defaultConfigurationIsVisible = 0;
			defaultConfigurationName = Release;
		};
		C2E16EB919B7DBDE0091A3C8 /* Build configuration list for PBXNativeTarget "intro-functions-two" */ = {
			isa = XCConfigurationList;
			buildConfigurations = (
				C2E16EBA19B7DBDE0091A3C8 /* Debug */,
				C2E16EBB19B7DBDE0091A3C8 /* Release */,
			);
			defaultConfigurationIsVisible = 0;
		};
		C2E16EBC19B7DBDE0091A3C8 /* Build configuration list for PBXNativeTarget "intro-functions-twoTests" */ = {
			isa = XCConfigurationList;
			buildConfigurations = (
				C2E16EBD19B7DBDE0091A3C8 /* Debug */,
				C2E16EBE19B7DBDE0091A3C8 /* Release */,
			);
			defaultConfigurationIsVisible = 0;
		};
/* End XCConfigurationList section */
	};
	rootObject = C2E16E9119B7DBDE0091A3C8 /* Project object */;
}
